
Microsoft Visual Studio Solution File, Format Version 12.00
# Visual Studio 15
VisualStudioVersion = 15.0.28010.2003
MinimumVisualStudioVersion = 10.0.40219.1
Project("{FAE04EC0-301F-11D3-BF4B-00C04F79EFBC}") = "tetrisMelnicFederici", "tetrisMelnicFederici.csproj", "{FFF7DDE8-9D63-4B7D-848F-F17E982B88F8}"
EndProject
Global
	GlobalSection(SolutionConfigurationPlatforms) = preSolution
		Debug|Any CPU = Debug|Any CPU
		Release|Any CPU = Release|Any CPU
	EndGlobalSection
	GlobalSection(ProjectConfigurationPlatforms) = postSolution
		{FFF7DDE8-9D63-4B7D-848F-F17E982B88F8}.Debug|Any CPU.ActiveCfg = Debug|Any CPU
		{FFF7DDE8-9D63-4B7D-848F-F17E982B88F8}.Debug|Any CPU.Build.0 = Debug|Any CPU
		{FFF7DDE8-9D63-4B7D-848F-F17E982B88F8}.Release|Any CPU.ActiveCfg = Release|Any CPU
		{FFF7DDE8-9D63-4B7D-848F-F17E982B88F8}.Release|Any CPU.Build.0 = Release|Any CPU
	EndGlobalSection
	GlobalSection(SolutionProperties) = preSolution
		HideSolutionNode = FALSE
	EndGlobalSection
	GlobalSection(ExtensibilityGlobals) = postSolution
		SolutionGuid = {1CFE5838-E48F-4270-938D-0EDE86B5FD63}
	EndGlobalSection
EndGlobal
